<?xml version="1.0" encoding="utf-8"?>
<Project ToolsVersion="4.0" xmlns="http://schemas.microsoft.com/developer/msbuild/2003">
  <ItemGroup>
    <Filter Include="Исходные файлы">
      <UniqueIdentifier>{4FC737F1-C7A5-4376-A066-2A32D752A2FF}</UniqueIdentifier>
      <Extensions>cpp;c;cc;cxx;c++;cppm;ixx;def;odl;idl;hpj;bat;asm;asmx</Extensions>
    </Filter>
    <Filter Include="Файлы заголовков">
      <UniqueIdentifier>{93995380-89BD-4b04-88EB-625FBE52EBFB}</UniqueIdentifier>
      <Extensions>h;hh;hpp;hxx;h++;hm;inl;inc;ipp;xsd</Extensions>
    </Filter>
    <Filter Include="Файлы ресурсов">
      <UniqueIdentifier>{67DA6AB6-F800-4c08-8B7A-83BB121AAD01}</UniqueIdentifier>
      <Extensions>rc;ico;cur;bmp;dlg;rc2;rct;bin;rgs;gif;jpg;jpeg;jpe;resx;tiff;tif;png;wav;mfcribbon-ms</Extensions>
    </Filter>
  </ItemGroup>
  <ItemGroup>
    <ClCompile Include="src\list\list.c">
      <Filter>Исходные файлы</Filter>
    </ClCompile>
    <ClCompile Include="src\fec_note\fec_note.c">
      <Filter>Исходные файлы</Filter>
    </ClCompile>
    <ClCompile Include="src\ref_array\ref_array.c">
      <Filter>Исходные файлы</Filter>
    </ClCompile>
    <ClCompile Include="src\log\log.c">
      <Filter>Исходные файлы</Filter>
    </ClCompile>
    <ClCompile Include="src\file_work\file_work.c">
      <Filter>Исходные файлы</Filter>
    </ClCompile>
    <ClCompile Include="src\compare\compare.c">
      <Filter>Исходные файлы</Filter>
    </ClCompile>
    <ClCompile Include="src\find\find_entries.c">
      <Filter>Исходные файлы</Filter>
    </ClCompile>
    <ClCompile Include="src\file_work\parser\parser.c">
      <Filter>Исходные файлы</Filter>
    </ClCompile>
    <ClCompile Include="src\file_work\parser\tokenizer.c">
      <Filter>Исходные файлы</Filter>
    </ClCompile>
    <ClCompile Include="src\proccess_fec\procces_fec.c">
      <Filter>Исходные файлы</Filter>
    </ClCompile>
    <ClCompile Include="src\undo_stack\undo_stack.c">
      <Filter>Исходные файлы</Filter>
    </ClCompile>
    <ClCompile Include="src\user_input\user_input.c">
      <Filter>Исходные файлы</Filter>
    </ClCompile>
    <ClCompile Include="src\interface\interface.c">
      <Filter>Исходные файлы</Filter>
    </ClCompile>
    <ClCompile Include="src\coursework.c">
      <Filter>Исходные файлы</Filter>
    </ClCompile>
    <ClCompile Include="src\main.c">
      <Filter>Исходные файлы</Filter>
    </ClCompile>
  </ItemGroup>
  <ItemGroup>
    <ClInclude Include="src\list\list.h">
      <Filter>Файлы заголовков</Filter>
    </ClInclude>
    <ClInclude Include="src\fec_note\fec_note.h">
      <Filter>Файлы заголовков</Filter>
    </ClInclude>
    <ClInclude Include="src\ref_array\ref_array.h">
      <Filter>Файлы заголовков</Filter>
    </ClInclude>
    <ClInclude Include="src\log\log.h">
      <Filter>Файлы заголовков</Filter>
    </ClInclude>
    <ClInclude Include="src\file_work\file_work.h">
      <Filter>Файлы заголовков</Filter>
    </ClInclude>
    <ClInclude Include="src\compare\compare.h">
      <Filter>Файлы заголовков</Filter>
    </ClInclude>
    <ClInclude Include="src\find\find_entries.h">
      <Filter>Файлы заголовков</Filter>
    </ClInclude>
    <ClInclude Include="src\file_work\parser\parser.h">
      <Filter>Файлы заголовков</Filter>
    </ClInclude>
    <ClInclude Include="src\file_work\parser\tokenizer.h">
      <Filter>Файлы заголовков</Filter>
    </ClInclude>
    <ClInclude Include="src\proccess_fec\proccess_fec.h">
      <Filter>Файлы заголовков</Filter>
    </ClInclude>
    <ClInclude Include="include\types.h">
      <Filter>Файлы заголовков</Filter>
    </ClInclude>
    <ClInclude Include="include\macros.h">
      <Filter>Файлы заголовков</Filter>
    </ClInclude>
    <ClInclude Include="src\undo_stack\undo_stack.h">
      <Filter>Файлы заголовков</Filter>
    </ClInclude>
    <ClInclude Include="src\user_input\user_input.h">
      <Filter>Файлы заголовков</Filter>
    </ClInclude>
    <ClInclude Include="src\interface\interface.h">
      <Filter>Файлы заголовков</Filter>
    </ClInclude>
    <ClInclude Include="src\coursework.h">
      <Filter>Файлы заголовков</Filter>
    </ClInclude>
  </ItemGroup>
  <ItemGroup>
    <Text Include="input\example.txt" />
    <Text Include="input\random_gen.txt" />
    <Text Include="input\rus.txt" />
  </ItemGroup>
</Project>